hash: 714d094058614a49d611403c2fa210f778ada17c97ab6205e23a4a61683de781
updated: 2019-01-04T13:34:15.31988+02:00
imports:
- name: github.com/allegro/bigcache
  version: 06975fd8de981b85f94a4e5bed7c32999030cef3
  subpackages:
  - queue
- name: github.com/aristanetworks/goarista
  version: 5faa74ffbed7096292069fdcd0eae96146a3158a
  subpackages:
  - monotime
- name: github.com/aws/aws-lambda-go
  version: 9e3676ee8ca83aee500682f382e10b9d03660093
  subpackages:
  - events
  - lambda
  - lambda/messages
  - lambdacontext
- name: github.com/aws/aws-sdk-go
  version: d75ca9c91e5bcf0c3adb9672a786ac65e8073a6e
  subpackages:
  - aws
  - aws/awserr
  - aws/awsutil
  - aws/client
  - aws/client/metadata
  - aws/corehandlers
  - aws/credentials
  - aws/credentials/ec2rolecreds
  - aws/credentials/endpointcreds
  - aws/credentials/processcreds
  - aws/credentials/stscreds
  - aws/csm
  - aws/defaults
  - aws/ec2metadata
  - aws/endpoints
  - aws/request
  - aws/session
  - aws/signer/v4
  - internal/ini
  - internal/sdkio
  - internal/sdkrand
  - internal/sdkuri
  - internal/shareddefaults
  - private/protocol
  - private/protocol/json/jsonutil
  - private/protocol/jsonrpc
  - private/protocol/query
  - private/protocol/query/queryutil
  - private/protocol/rest
  - private/protocol/xml/xmlutil
  - service/ssm
  - service/sts
  - session
- name: github.com/btcsuite/btcd
  version: 3dcf298fed2d5fd65918dc560b3942b2aa0629e8
  subpackages:
  - btcec
- name: github.com/deckarep/golang-set
  version: 699df6a3acf6867538e50931511e9dc403da108a
- name: github.com/edsrzf/mmap-go
  version: 0bce6a6887123b67a60366d2c9fe2dfb74289d2e
- name: github.com/ethereum/go-ethereum
  version: 24d727b6d6e2c0cde222fa12155c4a6db5caaf2e
  subpackages:
  - accounts
  - accounts/abi
  - accounts/abi/bind
  - accounts/abi/bind/backends
  - accounts/keystore
  - common
  - common/bitutil
  - common/hexutil
  - common/math
  - common/mclock
  - common/prque
  - consensus
  - consensus/ethash
  - consensus/misc
  - contracts/chequebook
  - contracts/chequebook/contract
  - core
  - core/bloombits
  - core/rawdb
  - core/state
  - core/types
  - core/vm
  - crypto
  - crypto/bn256
  - crypto/bn256/cloudflare
  - crypto/bn256/google
  - crypto/secp256k1
  - crypto/sha3
  - eth/filters
  - ethclient
  - ethdb
  - event
  - log
  - metrics
  - p2p/netutil
  - params
  - rlp
  - rpc
  - swarm/log
  - swarm/services/swap/swap
  - trie
- name: github.com/go-stack/stack
  version: 2fee6af1a9795aafbe0253a0cfbdf668e1fb8a9a
- name: github.com/golang/snappy
  version: 2e65f85255dbc3072edf28d6b5b8efc472979f5a
- name: github.com/google/uuid
  version: 9b3b1e0f5f99ae461456d768e7d301a7acdaa2d8
- name: github.com/hashicorp/golang-lru
  version: 20f1fb78b0740ba8c3cb143a61e86ba5c8669768
  subpackages:
  - simplelru
- name: github.com/jmespath/go-jmespath
  version: c2b33e8439af944379acbdd9c3a5fe0bc44bd8a5
- name: github.com/monetha/go-ethereum
  version: e7e7ff90cf6f091a867c009b54164332d5eb2440
- name: github.com/monetha/reputation-go-sdk
  version: caf726000f689efb3329c1350e9a68ab59feebf8
  subpackages:
  - contracts
  - contracts/txdata
  - eth
  - eth/backend
  - facts
  - log
  - types/change
  - types/data
- name: github.com/moovweb/gokogiri
  version: a1a828153468a7518b184e698f6265904108d957
  subpackages:
  - help
  - html
  - util
  - xml
  - xpath
- name: github.com/pborman/uuid
  version: 8b1b92947f46224e3b97bb1a3a5b0382be00d31e
- name: github.com/rjeczalik/notify
  version: 629144ba06a1c6af28c1e42c228e3d42594ce081
- name: github.com/rs/cors
  version: a3460e445dd310dbefee993fe449f2ff9c08ae71
- name: github.com/syndtr/goleveldb
  version: 353a9fca669c44dedb58d5a074f6d052fb0f58e0
  subpackages:
  - leveldb
  - leveldb/cache
  - leveldb/comparer
  - leveldb/errors
  - leveldb/filter
  - leveldb/iterator
  - leveldb/journal
  - leveldb/memdb
  - leveldb/opt
  - leveldb/storage
  - leveldb/table
  - leveldb/util
- name: golang.org/x/crypto
  version: e657309f52e71501f9934566ac06dc5c2f7f11a1
  subpackages:
  - pbkdf2
  - ripemd160
  - scrypt
- name: golang.org/x/net
  version: 10aee181995363b41f712a55844a0dd52ea04646
  subpackages:
  - websocket
- name: golang.org/x/sys
  version: 904bdc257025c7b3f43c19360ad3ab85783fad78
  subpackages:
  - cpu
  - unix
- name: gopkg.in/natefinch/npipe.v2
  version: c1b8fa8bdccecb0b8db834ee0b92fdbcfa606dd6
testImports: []
